{
  "name": "web-platform-agent-skills",
  "lockfileVersion": 3,
  "requires": true,
  "packages": {
    "": {
      "devDependencies": {
        "web-features": "next"
      }
    },
    "node_modules/web-features": {
      "version": "3.23.1-dev-20260414145202-958736b",
      "resolved": "https://registry.npmjs.org/web-features/-/web-features-3.23.1-dev-20260414145202-958736b.tgz",
      "integrity": "sha512-SBSt7hfjdAwBcZEBQmkDDhf3qsHY0eL0+lfxms8UoajUmDpMNLN7V0ErtpTAwkW2BqevT8+Phqm3IhJ4l+zkEQ==",
      "dev": true,
      "license": "Apache-2.0"
    }
  }
}
