{
  "name": "web-platform-agent-skills",
  "lockfileVersion": 3,
  "requires": true,
  "packages": {
    "": {
      "devDependencies": {
        "web-features": "next"
      }
    },
    "node_modules/web-features": {
      "version": "3.22.0-dev-20260325181839-f9adcae",
      "resolved": "https://registry.npmjs.org/web-features/-/web-features-3.22.0-dev-20260325181839-f9adcae.tgz",
      "integrity": "sha512-eUzmBKTVsvRoCZR7Nq/dIbAPIKezKCLwRMiFzF5SBJsOpZzLyMCwgYBiyuJd453lKRAwNz2KsHl22vD0hVzowA==",
      "dev": true,
      "license": "Apache-2.0"
    }
  }
}
